// !$*UTF8*$!
{
	archiveVersion = 1;
	classes = {
	};
	objectVersion = 46;
	objects = {

/* Begin PBXBuildFile section */
		5BBF9CD190382F52C5D524D1 /* Pods_FightTactix.framework in Frameworks */ = {isa = PBXBuildFile; fileRef = E6B41724AC3D542DA7A81BE3 /* Pods_FightTactix.framework */; };
		FA043BF21C1A6F8500BFB170 /* HistoryViewController.swift in Sources */ = {isa = PBXBuildFile; fileRef = FA043BF11C1A6F8500BFB170 /* HistoryViewController.swift */; };
		FA043BF41C1A853D00BFB170 /* CloudCalls.swift in Sources */ = {isa = PBXBuildFile; fileRef = FA043BF31C1A853D00BFB170 /* CloudCalls.swift */; };
		FA043BF61C1A8AC000BFB170 /* CurrentAttendanceModel.swift in Sources */ = {isa = PBXBuildFile; fileRef = FA043BF51C1A8AC000BFB170 /* CurrentAttendanceModel.swift */; };
		FA0DBFF41C2B5794006B44E0 /* IOGrowHeader.swift in Sources */ = {isa = PBXBuildFile; fileRef = FA0DBFF31C2B5794006B44E0 /* IOGrowHeader.swift */; };
		FA0DBFF81C2B5825006B44E0 /* IOGrowHeader.xib in Resources */ = {isa = PBXBuildFile; fileRef = FA0DBFF71C2B5825006B44E0 /* IOGrowHeader.xib */; };
		FA0DBFFA1C2B5897006B44E0 /* IOCell.swift in Sources */ = {isa = PBXBuildFile; fileRef = FA0DBFF91C2B5897006B44E0 /* IOCell.swift */; };
		FA0DBFFC1C2B58A1006B44E0 /* IOSectionHeader.swift in Sources */ = {isa = PBXBuildFile; fileRef = FA0DBFFB1C2B58A1006B44E0 /* IOSectionHeader.swift */; };
		FA0DBFFF1C2B5A70006B44E0 /* IOParallaxHeader.swift in Sources */ = {isa = PBXBuildFile; fileRef = FA0DBFFD1C2B5A70006B44E0 /* IOParallaxHeader.swift */; };
		FA0DC0001C2B5A70006B44E0 /* IOParallaxHeader.xib in Resources */ = {isa = PBXBuildFile; fileRef = FA0DBFFE1C2B5A70006B44E0 /* IOParallaxHeader.xib */; };
		FA0DC0021C2B5DB2006B44E0 /* MeetingCell.swift in Sources */ = {isa = PBXBuildFile; fileRef = FA0DC0011C2B5DB2006B44E0 /* MeetingCell.swift */; };
		FA0DC0041C2B5DF1006B44E0 /* HistoryCell.swift in Sources */ = {isa = PBXBuildFile; fileRef = FA0DC0031C2B5DF1006B44E0 /* HistoryCell.swift */; };
		FA1787321C18177B00DC9520 /* CardViewController.swift in Sources */ = {isa = PBXBuildFile; fileRef = FA1787311C18177B00DC9520 /* CardViewController.swift */; };
		FA356BD81C2913D500235470 /* ApiKeys.plist in Resources */ = {isa = PBXBuildFile; fileRef = FA356BD71C2913D500235470 /* ApiKeys.plist */; };
		FA356BDA1C2914CA00235470 /* ApiKeys.swift in Sources */ = {isa = PBXBuildFile; fileRef = FA356BD91C2914CA00235470 /* ApiKeys.swift */; };
		FA44483F1C167D580033A70A /* NavMenuViewCell.swift in Sources */ = {isa = PBXBuildFile; fileRef = FA44483E1C167D580033A70A /* NavMenuViewCell.swift */; };
		FA4448411C169AC60033A70A /* InfoViewController.swift in Sources */ = {isa = PBXBuildFile; fileRef = FA4448401C169AC60033A70A /* InfoViewController.swift */; };
		FA6221E71C113D55002A9950 /* ScheduleViewController.swift in Sources */ = {isa = PBXBuildFile; fileRef = FA6221E61C113D55002A9950 /* ScheduleViewController.swift */; };
		FA6221EB1C1143DF002A9950 /* CloudQueries.swift in Sources */ = {isa = PBXBuildFile; fileRef = FA6221EA1C1143DF002A9950 /* CloudQueries.swift */; };
		FA6221EE1C1156AA002A9950 /* MeetingModel.swift in Sources */ = {isa = PBXBuildFile; fileRef = FA6221ED1C1156AA002A9950 /* MeetingModel.swift */; };
		FA77E3651C122A8A006D237D /* AttendanceModel.swift in Sources */ = {isa = PBXBuildFile; fileRef = FA77E3641C122A8A006D237D /* AttendanceModel.swift */; };
		FA77E3671C1258F0006D237D /* CardsModel.swift in Sources */ = {isa = PBXBuildFile; fileRef = FA77E3661C1258F0006D237D /* CardsModel.swift */; };
		FAE597EB1C100E1E0076062A /* MainScreenController.swift in Sources */ = {isa = PBXBuildFile; fileRef = FAE597EA1C100E1E0076062A /* MainScreenController.swift */; };
		FAEC24B71C0E78ED0062CD2D /* AppDelegate.swift in Sources */ = {isa = PBXBuildFile; fileRef = FAEC24B61C0E78ED0062CD2D /* AppDelegate.swift */; };
		FAEC24B91C0E78ED0062CD2D /* ViewController.swift in Sources */ = {isa = PBXBuildFile; fileRef = FAEC24B81C0E78ED0062CD2D /* ViewController.swift */; };
		FAEC24BC1C0E78ED0062CD2D /* Main.storyboard in Resources */ = {isa = PBXBuildFile; fileRef = FAEC24BA1C0E78ED0062CD2D /* Main.storyboard */; };
		FAEC24BE1C0E78ED0062CD2D /* Assets.xcassets in Resources */ = {isa = PBXBuildFile; fileRef = FAEC24BD1C0E78ED0062CD2D /* Assets.xcassets */; };
		FAEC24C11C0E78ED0062CD2D /* LaunchScreen.storyboard in Resources */ = {isa = PBXBuildFile; fileRef = FAEC24BF1C0E78ED0062CD2D /* LaunchScreen.storyboard */; };
		FAEC24C91C0E79030062CD2D /* Podfile in Resources */ = {isa = PBXBuildFile; fileRef = FAEC24C81C0E79030062CD2D /* Podfile */; };
/* End PBXBuildFile section */

/* Begin PBXFileReference section */
		5949E001C0AFB0C9312BA148 /* Pods-FightTactix.release.xcconfig */ = {isa = PBXFileReference; includeInIndex = 1; lastKnownFileType = text.xcconfig; name = "Pods-FightTactix.release.xcconfig"; path = "Pods/Target Support Files/Pods-FightTactix/Pods-FightTactix.release.xcconfig"; sourceTree = "<group>"; };
		E2C26D0C3A9A3EC09557DF67 /* Pods-FightTactix.debug.xcconfig */ = {isa = PBXFileReference; includeInIndex = 1; lastKnownFileType = text.xcconfig; name = "Pods-FightTactix.debug.xcconfig"; path = "Pods/Target Support Files/Pods-FightTactix/Pods-FightTactix.debug.xcconfig"; sourceTree = "<group>"; };
		E6B41724AC3D542DA7A81BE3 /* Pods_FightTactix.framework */ = {isa = PBXFileReference; explicitFileType = wrapper.framework; includeInIndex = 0; path = Pods_FightTactix.framework; sourceTree = BUILT_PRODUCTS_DIR; };
		FA043BF11C1A6F8500BFB170 /* HistoryViewController.swift */ = {isa = PBXFileReference; fileEncoding = 4; lastKnownFileType = sourcecode.swift; path = HistoryViewController.swift; sourceTree = "<group>"; };
		FA043BF31C1A853D00BFB170 /* CloudCalls.swift */ = {isa = PBXFileReference; fileEncoding = 4; lastKnownFileType = sourcecode.swift; path = CloudCalls.swift; sourceTree = "<group>"; };
		FA043BF51C1A8AC000BFB170 /* CurrentAttendanceModel.swift */ = {isa = PBXFileReference; fileEncoding = 4; lastKnownFileType = sourcecode.swift; path = CurrentAttendanceModel.swift; sourceTree = "<group>"; };
		FA0DBFF31C2B5794006B44E0 /* IOGrowHeader.swift */ = {isa = PBXFileReference; fileEncoding = 4; lastKnownFileType = sourcecode.swift; path = IOGrowHeader.swift; sourceTree = "<group>"; };
		FA0DBFF71C2B5825006B44E0 /* IOGrowHeader.xib */ = {isa = PBXFileReference; fileEncoding = 4; lastKnownFileType = file.xib; path = IOGrowHeader.xib; sourceTree = "<group>"; };
		FA0DBFF91C2B5897006B44E0 /* IOCell.swift */ = {isa = PBXFileReference; fileEncoding = 4; lastKnownFileType = sourcecode.swift; path = IOCell.swift; sourceTree = "<group>"; };
		FA0DBFFB1C2B58A1006B44E0 /* IOSectionHeader.swift */ = {isa = PBXFileReference; fileEncoding = 4; lastKnownFileType = sourcecode.swift; path = IOSectionHeader.swift; sourceTree = "<group>"; };
		FA0DBFFD1C2B5A70006B44E0 /* IOParallaxHeader.swift */ = {isa = PBXFileReference; fileEncoding = 4; lastKnownFileType = sourcecode.swift; path = IOParallaxHeader.swift; sourceTree = "<group>"; };
		FA0DBFFE1C2B5A70006B44E0 /* IOParallaxHeader.xib */ = {isa = PBXFileReference; fileEncoding = 4; lastKnownFileType = file.xib; path = IOParallaxHeader.xib; sourceTree = "<group>"; };
		FA0DC0011C2B5DB2006B44E0 /* MeetingCell.swift */ = {isa = PBXFileReference; fileEncoding = 4; lastKnownFileType = sourcecode.swift; path = MeetingCell.swift; sourceTree = "<group>"; };
		FA0DC0031C2B5DF1006B44E0 /* HistoryCell.swift */ = {isa = PBXFileReference; fileEncoding = 4; lastKnownFileType = sourcecode.swift; path = HistoryCell.swift; sourceTree = "<group>"; };
		FA1787311C18177B00DC9520 /* CardViewController.swift */ = {isa = PBXFileReference; fileEncoding = 4; lastKnownFileType = sourcecode.swift; path = CardViewController.swift; sourceTree = "<group>"; };
		FA356BD71C2913D500235470 /* ApiKeys.plist */ = {isa = PBXFileReference; fileEncoding = 4; lastKnownFileType = text.plist.xml; path = ApiKeys.plist; sourceTree = "<group>"; };
		FA356BD91C2914CA00235470 /* ApiKeys.swift */ = {isa = PBXFileReference; fileEncoding = 4; lastKnownFileType = sourcecode.swift; path = ApiKeys.swift; sourceTree = "<group>"; };
		FA44483E1C167D580033A70A /* NavMenuViewCell.swift */ = {isa = PBXFileReference; fileEncoding = 4; lastKnownFileType = sourcecode.swift; path = NavMenuViewCell.swift; sourceTree = "<group>"; };
		FA4448401C169AC60033A70A /* InfoViewController.swift */ = {isa = PBXFileReference; fileEncoding = 4; lastKnownFileType = sourcecode.swift; path = InfoViewController.swift; sourceTree = "<group>"; };
		FA6221E61C113D55002A9950 /* ScheduleViewController.swift */ = {isa = PBXFileReference; fileEncoding = 4; lastKnownFileType = sourcecode.swift; path = ScheduleViewController.swift; sourceTree = "<group>"; };
		FA6221EA1C1143DF002A9950 /* CloudQueries.swift */ = {isa = PBXFileReference; fileEncoding = 4; lastKnownFileType = sourcecode.swift; path = CloudQueries.swift; sourceTree = "<group>"; };
		FA6221ED1C1156AA002A9950 /* MeetingModel.swift */ = {isa = PBXFileReference; fileEncoding = 4; lastKnownFileType = sourcecode.swift; path = MeetingModel.swift; sourceTree = "<group>"; };
		FA77E3641C122A8A006D237D /* AttendanceModel.swift */ = {isa = PBXFileReference; fileEncoding = 4; lastKnownFileType = sourcecode.swift; path = AttendanceModel.swift; sourceTree = "<group>"; };
		FA77E3661C1258F0006D237D /* CardsModel.swift */ = {isa = PBXFileReference; fileEncoding = 4; lastKnownFileType = sourcecode.swift; path = CardsModel.swift; sourceTree = "<group>"; };
		FAE597EA1C100E1E0076062A /* MainScreenController.swift */ = {isa = PBXFileReference; fileEncoding = 4; lastKnownFileType = sourcecode.swift; path = MainScreenController.swift; sourceTree = "<group>"; };
		FAEC24B31C0E78ED0062CD2D /* FightTactix.app */ = {isa = PBXFileReference; explicitFileType = wrapper.application; includeInIndex = 0; path = FightTactix.app; sourceTree = BUILT_PRODUCTS_DIR; };
		FAEC24B61C0E78ED0062CD2D /* AppDelegate.swift */ = {isa = PBXFileReference; lastKnownFileType = sourcecode.swift; path = AppDelegate.swift; sourceTree = "<group>"; };
		FAEC24B81C0E78ED0062CD2D /* ViewController.swift */ = {isa = PBXFileReference; lastKnownFileType = sourcecode.swift; path = ViewController.swift; sourceTree = "<group>"; };
		FAEC24BB1C0E78ED0062CD2D /* Base */ = {isa = PBXFileReference; lastKnownFileType = file.storyboard; name = Base; path = Base.lproj/Main.storyboard; sourceTree = "<group>"; };
		FAEC24BD1C0E78ED0062CD2D /* Assets.xcassets */ = {isa = PBXFileReference; lastKnownFileType = folder.assetcatalog; path = Assets.xcassets; sourceTree = "<group>"; };
		FAEC24C01C0E78ED0062CD2D /* Base */ = {isa = PBXFileReference; lastKnownFileType = file.storyboard; name = Base; path = Base.lproj/LaunchScreen.storyboard; sourceTree = "<group>"; };
		FAEC24C21C0E78ED0062CD2D /* Info.plist */ = {isa = PBXFileReference; lastKnownFileType = text.plist.xml; path = Info.plist; sourceTree = "<group>"; };
		FAEC24C81C0E79030062CD2D /* Podfile */ = {isa = PBXFileReference; fileEncoding = 4; lastKnownFileType = text; path = Podfile; sourceTree = "<group>"; xcLanguageSpecificationIdentifier = xcode.lang.ruby; };
/* End PBXFileReference section */

/* Begin PBXFrameworksBuildPhase section */
		FAEC24B01C0E78ED0062CD2D /* Frameworks */ = {
			isa = PBXFrameworksBuildPhase;
			buildActionMask = 2147483647;
			files = (
				5BBF9CD190382F52C5D524D1 /* Pods_FightTactix.framework in Frameworks */,
			);
			runOnlyForDeploymentPostprocessing = 0;
		};
/* End PBXFrameworksBuildPhase section */

/* Begin PBXGroup section */
		68AC8C91CF2F4B664A2140FA /* Pods */ = {
			isa = PBXGroup;
			children = (
				E2C26D0C3A9A3EC09557DF67 /* Pods-FightTactix.debug.xcconfig */,
				5949E001C0AFB0C9312BA148 /* Pods-FightTactix.release.xcconfig */,
			);
			name = Pods;
			sourceTree = "<group>";
		};
		EFDFD4613A6FA54673B835CD /* Frameworks */ = {
			isa = PBXGroup;
			children = (
				E6B41724AC3D542DA7A81BE3 /* Pods_FightTactix.framework */,
			);
			name = Frameworks;
			sourceTree = "<group>";
		};
		FA44483D1C167D3C0033A70A /* Util */ = {
			isa = PBXGroup;
			children = (
				FA0DBFFD1C2B5A70006B44E0 /* IOParallaxHeader.swift */,
				FA0DBFFE1C2B5A70006B44E0 /* IOParallaxHeader.xib */,
				FA44483E1C167D580033A70A /* NavMenuViewCell.swift */,
				FA356BD91C2914CA00235470 /* ApiKeys.swift */,
				FA0DBFF31C2B5794006B44E0 /* IOGrowHeader.swift */,
				FA0DBFF71C2B5825006B44E0 /* IOGrowHeader.xib */,
				FA0DBFF91C2B5897006B44E0 /* IOCell.swift */,
				FA0DBFFB1C2B58A1006B44E0 /* IOSectionHeader.swift */,
				FA0DC0011C2B5DB2006B44E0 /* MeetingCell.swift */,
				FA0DC0031C2B5DF1006B44E0 /* HistoryCell.swift */,
			);
			name = Util;
			sourceTree = "<group>";
		};
		FA6221E91C1143BB002A9950 /* Cloud */ = {
			isa = PBXGroup;
			children = (
				FA6221EA1C1143DF002A9950 /* CloudQueries.swift */,
				FA043BF31C1A853D00BFB170 /* CloudCalls.swift */,
			);
			name = Cloud;
			sourceTree = "<group>";
		};
		FA6221EC1C11568A002A9950 /* Model */ = {
			isa = PBXGroup;
			children = (
				FA6221ED1C1156AA002A9950 /* MeetingModel.swift */,
				FA77E3641C122A8A006D237D /* AttendanceModel.swift */,
				FA77E3661C1258F0006D237D /* CardsModel.swift */,
				FA043BF51C1A8AC000BFB170 /* CurrentAttendanceModel.swift */,
			);
			name = Model;
			sourceTree = "<group>";
		};
		FAEC24AA1C0E78ED0062CD2D = {
			isa = PBXGroup;
			children = (
				FAEC24C81C0E79030062CD2D /* Podfile */,
				FAEC24B51C0E78ED0062CD2D /* FightTactix */,
				FAEC24B41C0E78ED0062CD2D /* Products */,
				68AC8C91CF2F4B664A2140FA /* Pods */,
				EFDFD4613A6FA54673B835CD /* Frameworks */,
			);
			sourceTree = "<group>";
		};
		FAEC24B41C0E78ED0062CD2D /* Products */ = {
			isa = PBXGroup;
			children = (
				FAEC24B31C0E78ED0062CD2D /* FightTactix.app */,
			);
			name = Products;
			sourceTree = "<group>";
		};
		FAEC24B51C0E78ED0062CD2D /* FightTactix */ = {
			isa = PBXGroup;
			children = (
				FA44483D1C167D3C0033A70A /* Util */,
				FA6221EC1C11568A002A9950 /* Model */,
				FA6221E91C1143BB002A9950 /* Cloud */,
				FAEC24B61C0E78ED0062CD2D /* AppDelegate.swift */,
				FAEC24B81C0E78ED0062CD2D /* ViewController.swift */,
				FAEC24BA1C0E78ED0062CD2D /* Main.storyboard */,
				FAEC24BD1C0E78ED0062CD2D /* Assets.xcassets */,
				FAEC24BF1C0E78ED0062CD2D /* LaunchScreen.storyboard */,
				FAEC24C21C0E78ED0062CD2D /* Info.plist */,
				FA6221E61C113D55002A9950 /* ScheduleViewController.swift */,
				FA4448401C169AC60033A70A /* InfoViewController.swift */,
				FAE597EA1C100E1E0076062A /* MainScreenController.swift */,
				FA1787311C18177B00DC9520 /* CardViewController.swift */,
				FA043BF11C1A6F8500BFB170 /* HistoryViewController.swift */,
				FA356BD71C2913D500235470 /* ApiKeys.plist */,
			);
			path = FightTactix;
			sourceTree = "<group>";
		};
/* End PBXGroup section */

/* Begin PBXNativeTarget section */
		FAEC24B21C0E78ED0062CD2D /* FightTactix */ = {
			isa = PBXNativeTarget;
			buildConfigurationList = FAEC24C51C0E78ED0062CD2D /* Build configuration list for PBXNativeTarget "FightTactix" */;
			buildPhases = (
				D0877A15D662A18A04D1FB3E /* Check Pods Manifest.lock */,
				FAEC24AF1C0E78ED0062CD2D /* Sources */,
				FAEC24B01C0E78ED0062CD2D /* Frameworks */,
				FAEC24B11C0E78ED0062CD2D /* Resources */,
				F53CBB72D1DFAA2262E389AC /* Embed Pods Frameworks */,
				421A90546FBC81876ED3978F /* Copy Pods Resources */,
			);
			buildRules = (
			);
			dependencies = (
			);
			name = FightTactix;
			productName = FightTactix;
			productReference = FAEC24B31C0E78ED0062CD2D /* FightTactix.app */;
			productType = "com.apple.product-type.application";
		};
/* End PBXNativeTarget section */

/* Begin PBXProject section */
		FAEC24AB1C0E78ED0062CD2D /* Project object */ = {
			isa = PBXProject;
			attributes = {
				LastSwiftUpdateCheck = 0710;
				LastUpgradeCheck = 0710;
				ORGANIZATIONNAME = "Andrew Nero";
				TargetAttributes = {
					FAEC24B21C0E78ED0062CD2D = {
						CreatedOnToolsVersion = 7.1;
						DevelopmentTeam = F8WV43V82N;
						SystemCapabilities = {
							com.apple.Push = {
								enabled = 1;
							};
						};
					};
				};
			};
			buildConfigurationList = FAEC24AE1C0E78ED0062CD2D /* Build configuration list for PBXProject "FightTactix" */;
			compatibilityVersion = "Xcode 3.2";
			developmentRegion = English;
			hasScannedForEncodings = 0;
			knownRegions = (
				en,
				Base,
			);
			mainGroup = FAEC24AA1C0E78ED0062CD2D;
			productRefGroup = FAEC24B41C0E78ED0062CD2D /* Products */;
			projectDirPath = "";
			projectRoot = "";
			targets = (
				FAEC24B21C0E78ED0062CD2D /* FightTactix */,
			);
		};
/* End PBXProject section */

/* Begin PBXResourcesBuildPhase section */
		FAEC24B11C0E78ED0062CD2D /* Resources */ = {
			isa = PBXResourcesBuildPhase;
			buildActionMask = 2147483647;
			files = (
				FAEC24C11C0E78ED0062CD2D /* LaunchScreen.storyboard in Resources */,
				FAEC24BE1C0E78ED0062CD2D /* Assets.xcassets in Resources */,
				FAEC24C91C0E79030062CD2D /* Podfile in Resources */,
				FA0DBFF81C2B5825006B44E0 /* IOGrowHeader.xib in Resources */,
				FAEC24BC1C0E78ED0062CD2D /* Main.storyboard in Resources */,
				FA0DC0001C2B5A70006B44E0 /* IOParallaxHeader.xib in Resources */,
				FA356BD81C2913D500235470 /* ApiKeys.plist in Resources */,
			);
			runOnlyForDeploymentPostprocessing = 0;
		};
/* End PBXResourcesBuildPhase section */

/* Begin PBXShellScriptBuildPhase section */
		421A90546FBC81876ED3978F /* Copy Pods Resources */ = {
			isa = PBXShellScriptBuildPhase;
			buildActionMask = 2147483647;
			files = (
			);
			inputPaths = (
			);
			name = "Copy Pods Resources";
			outputPaths = (
			);
			runOnlyForDeploymentPostprocessing = 0;
			shellPath = /bin/sh;
			shellScript = "\"${SRCROOT}/Pods/Target Support Files/Pods-FightTactix/Pods-FightTactix-resources.sh\"\n";
			showEnvVarsInLog = 0;
		};
		D0877A15D662A18A04D1FB3E /* Check Pods Manifest.lock */ = {
			isa = PBXShellScriptBuildPhase;
			buildActionMask = 2147483647;
			files = (
			);
			inputPaths = (
			);
			name = "Check Pods Manifest.lock";
			outputPaths = (
			);
			runOnlyForDeploymentPostprocessing = 0;
			shellPath = /bin/sh;
			shellScript = "diff \"${PODS_ROOT}/../Podfile.lock\" \"${PODS_ROOT}/Manifest.lock\" > /dev/null\nif [[ $? != 0 ]] ; then\n    cat << EOM\nerror: The sandbox is not in sync with the Podfile.lock. Run 'pod install' or update your CocoaPods installation.\nEOM\n    exit 1\nfi\n";
			showEnvVarsInLog = 0;
		};
		F53CBB72D1DFAA2262E389AC /* Embed Pods Frameworks */ = {
			isa = PBXShellScriptBuildPhase;
			buildActionMask = 2147483647;
			files = (
			);
			inputPaths = (
			);
			name = "Embed Pods Frameworks";
			outputPaths = (
			);
			runOnlyForDeploymentPostprocessing = 0;
			shellPath = /bin/sh;
			shellScript = "\"${SRCROOT}/Pods/Target Support Files/Pods-FightTactix/Pods-FightTactix-frameworks.sh\"\n";
			showEnvVarsInLog = 0;
		};
/* End PBXShellScriptBuildPhase section */

/* Begin PBXSourcesBuildPhase section */
		FAEC24AF1C0E78ED0062CD2D /* Sources */ = {
			isa = PBXSourcesBuildPhase;
			buildActionMask = 2147483647;
			files = (
				FAE597EB1C100E1E0076062A /* MainScreenController.swift in Sources */,
				FA6221E71C113D55002A9950 /* ScheduleViewController.swift in Sources */,
				FA77E3651C122A8A006D237D /* AttendanceModel.swift in Sources */,
				FA043BF21C1A6F8500BFB170 /* HistoryViewController.swift in Sources */,
				FA043BF61C1A8AC000BFB170 /* CurrentAttendanceModel.swift in Sources */,
				FA44483F1C167D580033A70A /* NavMenuViewCell.swift in Sources */,
				FA0DBFFF1C2B5A70006B44E0 /* IOParallaxHeader.swift in Sources */,
				FA043BF41C1A853D00BFB170 /* CloudCalls.swift in Sources */,
				FA77E3671C1258F0006D237D /* CardsModel.swift in Sources */,
				FA0DC0021C2B5DB2006B44E0 /* MeetingCell.swift in Sources */,
				FAEC24B91C0E78ED0062CD2D /* ViewController.swift in Sources */,
				FA0DBFFA1C2B5897006B44E0 /* IOCell.swift in Sources */,
				FAEC24B71C0E78ED0062CD2D /* AppDelegate.swift in Sources */,
				FA6221EB1C1143DF002A9950 /* CloudQueries.swift in Sources */,
				FA0DBFFC1C2B58A1006B44E0 /* IOSectionHeader.swift in Sources */,
				FA0DC0041C2B5DF1006B44E0 /* HistoryCell.swift in Sources */,
				FA1787321C18177B00DC9520 /* CardViewController.swift in Sources */,
				FA4448411C169AC60033A70A /* InfoViewController.swift in Sources */,
				FA0DBFF41C2B5794006B44E0 /* IOGrowHeader.swift in Sources */,
				FA6221EE1C1156AA002A9950 /* MeetingModel.swift in Sources */,
				FA356BDA1C2914CA00235470 /* ApiKeys.swift in Sources */,
			);
			runOnlyForDeploymentPostprocessing = 0;
		};
/* End PBXSourcesBuildPhase section */

/* Begin PBXVariantGroup section */
		FAEC24BA1C0E78ED0062CD2D /* Main.storyboard */ = {
			isa = PBXVariantGroup;
			children = (
				FAEC24BB1C0E78ED0062CD2D /* Base */,
			);
			name = Main.storyboard;
			sourceTree = "<group>";
		};
		FAEC24BF1C0E78ED0062CD2D /* LaunchScreen.storyboard */ = {
			isa = PBXVariantGroup;
			children = (
				FAEC24C01C0E78ED0062CD2D /* Base */,
			);
			name = LaunchScreen.storyboard;
			sourceTree = "<group>";
		};
/* End PBXVariantGroup section */

/* Begin XCBuildConfiguration section */
		FAEC24C31C0E78ED0062CD2D /* Debug */ = {
			isa = XCBuildConfiguration;
			buildSettings = {
				ALWAYS_SEARCH_USER_PATHS = NO;
				CLANG_CXX_LANGUAGE_STANDARD = "gnu++0x";
				CLANG_CXX_LIBRARY = "libc++";
				CLANG_ENABLE_MODULES = YES;
				CLANG_ENABLE_OBJC_ARC = YES;
				CLANG_WARN_BOOL_CONVERSION = YES;
				CLANG_WARN_CONSTANT_CONVERSION = YES;
				CLANG_WARN_DIRECT_OBJC_ISA_USAGE = YES_ERROR;
				CLANG_WARN_EMPTY_BODY = YES;
				CLANG_WARN_ENUM_CONVERSION = YES;
				CLANG_WARN_INT_CONVERSION = YES;
				CLANG_WARN_OBJC_ROOT_CLASS = YES_ERROR;
				CLANG_WARN_UNREACHABLE_CODE = YES;
				CLANG_WARN__DUPLICATE_METHOD_MATCH = YES;
				CODE_SIGN_IDENTITY = "iPhone Developer: Andrew Nero (337ZF2M43B)";
				"CODE_SIGN_IDENTITY[sdk=iphoneos*]" = "iPhone Developer";
				COPY_PHASE_STRIP = NO;
				DEBUG_INFORMATION_FORMAT = dwarf;
				ENABLE_STRICT_OBJC_MSGSEND = YES;
				ENABLE_TESTABILITY = YES;
				GCC_C_LANGUAGE_STANDARD = gnu99;
				GCC_DYNAMIC_NO_PIC = NO;
				GCC_NO_COMMON_BLOCKS = YES;
				GCC_OPTIMIZATION_LEVEL = 0;
				GCC_PREPROCESSOR_DEFINITIONS = (
					"DEBUG=1",
					"$(inherited)",
				);
				GCC_WARN_64_TO_32_BIT_CONVERSION = YES;
				GCC_WARN_ABOUT_RETURN_TYPE = YES_ERROR;
				GCC_WARN_UNDECLARED_SELECTOR = YES;
				GCC_WARN_UNINITIALIZED_AUTOS = YES_AGGRESSIVE;
				GCC_WARN_UNUSED_FUNCTION = YES;
				GCC_WARN_UNUSED_VARIABLE = YES;
				IPHONEOS_DEPLOYMENT_TARGET = 8.1;
				MTL_ENABLE_DEBUG_INFO = YES;
				ONLY_ACTIVE_ARCH = YES;
				SDKROOT = iphoneos;
				SWIFT_OPTIMIZATION_LEVEL = "-Onone";
			};
			name = Debug;
		};
		FAEC24C41C0E78ED0062CD2D /* Release */ = {
			isa = XCBuildConfiguration;
			buildSettings = {
				ALWAYS_SEARCH_USER_PATHS = NO;
				CLANG_CXX_LANGUAGE_STANDARD = "gnu++0x";
				CLANG_CXX_LIBRARY = "libc++";
				CLANG_ENABLE_MODULES = YES;
				CLANG_ENABLE_OBJC_ARC = YES;
				CLANG_WARN_BOOL_CONVERSION = YES;
				CLANG_WARN_CONSTANT_CONVERSION = YES;
				CLANG_WARN_DIRECT_OBJC_ISA_USAGE = YES_ERROR;
				CLANG_WARN_EMPTY_BODY = YES;
				CLANG_WARN_ENUM_CONVERSION = YES;
				CLANG_WARN_INT_CONVERSION = YES;
				CLANG_WARN_OBJC_ROOT_CLASS = YES_ERROR;
				CLANG_WARN_UNREACHABLE_CODE = YES;
				CLANG_WARN__DUPLICATE_METHOD_MATCH = YES;
				CODE_SIGN_IDENTITY = "iPhone Distribution: Andrew Nero (F8WV43V82N)";
				"CODE_SIGN_IDENTITY[sdk=iphoneos*]" = "iPhone Developer";
				COPY_PHASE_STRIP = NO;
				DEBUG_INFORMATION_FORMAT = "dwarf-with-dsym";
				ENABLE_NS_ASSERTIONS = NO;
				ENABLE_STRICT_OBJC_MSGSEND = YES;
				GCC_C_LANGUAGE_STANDARD = gnu99;
				GCC_NO_COMMON_BLOCKS = YES;
				GCC_WARN_64_TO_32_BIT_CONVERSION = YES;
				GCC_WARN_ABOUT_RETURN_TYPE = YES_ERROR;
				GCC_WARN_UNDECLARED_SELECTOR = YES;
				GCC_WARN_UNINITIALIZED_AUTOS = YES_AGGRESSIVE;
				GCC_WARN_UNUSED_FUNCTION = YES;
				GCC_WARN_UNUSED_VARIABLE = YES;
				IPHONEOS_DEPLOYMENT_TARGET = 8.1;
				MTL_ENABLE_DEBUG_INFO = NO;
				SDKROOT = iphoneos;
				VALIDATE_PRODUCT = YES;
			};
			name = Release;
		};
		FAEC24C61C0E78ED0062CD2D /* Debug */ = {
			isa = XCBuildConfiguration;
			baseConfigurationReference = E2C26D0C3A9A3EC09557DF67 /* Pods-FightTactix.debug.xcconfig */;
			buildSettings = {
				ASSETCATALOG_COMPILER_APPICON_NAME = "AppIcon-1";
				CLANG_ENABLE_MODULES = YES;
				CODE_SIGN_IDENTITY = "iPhone Developer";
				"CODE_SIGN_IDENTITY[sdk=iphoneos*]" = "iPhone Developer";
				INFOPLIST_FILE = FightTactix/Info.plist;
				IPHONEOS_DEPLOYMENT_TARGET = 9.0;
				LD_RUNPATH_SEARCH_PATHS = "$(inherited) @executable_path/Frameworks";
				PRODUCT_BUNDLE_IDENTIFIER = com.FightTactix;
				PRODUCT_NAME = "$(TARGET_NAME)";
				PROVISIONING_PROFILE = "";
				SWIFT_INSTALL_OBJC_HEADER = NO;
				SWIFT_OPTIMIZATION_LEVEL = "-Onone";
				TARGETED_DEVICE_FAMILY = 1;
			};
			name = Debug;
		};
		FAEC24C71C0E78ED0062CD2D /* Release */ = {
			isa = XCBuildConfiguration;
			baseConfigurationReference = 5949E001C0AFB0C9312BA148 /* Pods-FightTactix.release.xcconfig */;
			buildSettings = {
				ASSETCATALOG_COMPILER_APPICON_NAME = "AppIcon-1";
				CLANG_ENABLE_MODULES = YES;
				CODE_SIGN_IDENTITY = "iPhone Developer";
				"CODE_SIGN_IDENTITY[sdk=iphoneos*]" = "iPhone Developer";
				INFOPLIST_FILE = FightTactix/Info.plist;
				IPHONEOS_DEPLOYMENT_TARGET = 9.0;
				LD_RUNPATH_SEARCH_PATHS = "$(inherited) @executable_path/Frameworks";
				PRODUCT_BUNDLE_IDENTIFIER = com.FightTactix;
				PRODUCT_NAME = "$(TARGET_NAME)";
				PROVISIONING_PROFILE = "";
				SWIFT_INSTALL_OBJC_HEADER = NO;
				TARGETED_DEVICE_FAMILY = 1;
			};
			name = Release;
		};
/* End XCBuildConfiguration section */

/* Begin XCConfigurationList section */
		FAEC24AE1C0E78ED0062CD2D /* Build configuration list for PBXProject "FightTactix" */ = {
			isa = XCConfigurationList;
			buildConfigurations = (
				FAEC24C31C0E78ED0062CD2D /* Debug */,
				FAEC24C41C0E78ED0062CD2D /* Release */,
			);
			defaultConfigurationIsVisible = 0;
			defaultConfigurationName = Release;
		};
		FAEC24C51C0E78ED0062CD2D /* Build configuration list for PBXNativeTarget "FightTactix" */ = {
			isa = XCConfigurationList;
			buildConfigurations = (
				FAEC24C61C0E78ED0062CD2D /* Debug */,
				FAEC24C71C0E78ED0062CD2D /* Release */,
			);
			defaultConfigurationIsVisible = 0;
			defaultConfigurationName = Release;
		};
/* End XCConfigurationList section */
	};
	rootObject = FAEC24AB1C0E78ED0062CD2D /* Project object */;
}
